
Microsoft Visual Studio Solution File, Format Version 12.00
# Visual Studio Version 17
VisualStudioVersion = 17.14.36310.24 d17.14
MinimumVisualStudioVersion = 10.0.40219.1
Project("{FAE04EC0-301F-11D3-BF4B-00C04F79EFBC}") = "App_TrabajadoresPrueba", "App_TrabajadoresPrueba\App_TrabajadoresPrueba.csproj", "{5EE484D9-1924-4098-B062-E2B1A80F649E}"
EndProject
Global
	GlobalSection(SolutionConfigurationPlatforms) = preSolution
		Debug|Any CPU = Debug|Any CPU
		Release|Any CPU = Release|Any CPU
	EndGlobalSection
	GlobalSection(ProjectConfigurationPlatforms) = postSolution
		{5EE484D9-1924-4098-B062-E2B1A80F649E}.Debug|Any CPU.ActiveCfg = Debug|Any CPU
		{5EE484D9-1924-4098-B062-E2B1A80F649E}.Debug|Any CPU.Build.0 = Debug|Any CPU
		{5EE484D9-1924-4098-B062-E2B1A80F649E}.Release|Any CPU.ActiveCfg = Release|Any CPU
		{5EE484D9-1924-4098-B062-E2B1A80F649E}.Release|Any CPU.Build.0 = Release|Any CPU
	EndGlobalSection
	GlobalSection(SolutionProperties) = preSolution
		HideSolutionNode = FALSE
	EndGlobalSection
	GlobalSection(ExtensibilityGlobals) = postSolution
		SolutionGuid = {97707F13-DEAD-4C9B-8015-813054AAF852}
	EndGlobalSection
EndGlobal
